
Microsoft Visual Studio Solution File, Format Version 12.00
# Visual Studio Version 17
VisualStudioVersion = 17.9.34607.119
MinimumVisualStudioVersion = 10.0.40219.1
Project("{FAE04EC0-301F-11D3-BF4B-00C04F79EFBC}") = "Kubernetes.Web.Mystery", "src/Kubernetes.Web.Mystery.csproj", "{586BE451-2856-44FD-8C38-311A2EC147A4}"
EndProject
Global
	GlobalSection(SolutionConfigurationPlatforms) = preSolution
		Debug|Any CPU = Debug|Any CPU
		Release|Any CPU = Release|Any CPU
	EndGlobalSection
	GlobalSection(ProjectConfigurationPlatforms) = postSolution
		{586BE451-2856-44FD-8C38-311A2EC147A4}.Debug|Any CPU.ActiveCfg = Debug|Any CPU
		{586BE451-2856-44FD-8C38-311A2EC147A4}.Debug|Any CPU.Build.0 = Debug|Any CPU
		{586BE451-2856-44FD-8C38-311A2EC147A4}.Release|Any CPU.ActiveCfg = Release|Any CPU
		{586BE451-2856-44FD-8C38-311A2EC147A4}.Release|Any CPU.Build.0 = Release|Any CPU
	EndGlobalSection
	GlobalSection(SolutionProperties) = preSolution
		HideSolutionNode = FALSE
	EndGlobalSection
	GlobalSection(ExtensibilityGlobals) = postSolution
		SolutionGuid = {42543AFB-E767-45F3-BA4C-74F84FB8147B}
	EndGlobalSection
EndGlobal
